
Microsoft Visual Studio Solution File, Format Version 12.00
# Visual Studio Version 17
VisualStudioVersion = 17.4.33110.190
MinimumVisualStudioVersion = 10.0.40219.1
Project("{FAE04EC0-301F-11D3-BF4B-00C04F79EFBC}") = "martech-ui-integration-tests", "martech-ui-integration-tests\martech-ui-integration-tests.csproj", "{6AA99265-8312-457B-AFE7-9AE0677AFB90}"
EndProject
Global
	GlobalSection(SolutionConfigurationPlatforms) = preSolution
		Debug|Any CPU = Debug|Any CPU
		Release|Any CPU = Release|Any CPU
	EndGlobalSection
	GlobalSection(ProjectConfigurationPlatforms) = postSolution
		{6AA99265-8312-457B-AFE7-9AE0677AFB90}.Debug|Any CPU.ActiveCfg = Debug|Any CPU
		{6AA99265-8312-457B-AFE7-9AE0677AFB90}.Debug|Any CPU.Build.0 = Debug|Any CPU
		{6AA99265-8312-457B-AFE7-9AE0677AFB90}.Release|Any CPU.ActiveCfg = Release|Any CPU
		{6AA99265-8312-457B-AFE7-9AE0677AFB90}.Release|Any CPU.Build.0 = Release|Any CPU
	EndGlobalSection
	GlobalSection(SolutionProperties) = preSolution
		HideSolutionNode = FALSE
	EndGlobalSection
	GlobalSection(ExtensibilityGlobals) = postSolution
		SolutionGuid = {95E709F2-D636-4815-A01C-4A0365B427A3}
	EndGlobalSection
EndGlobal
